
Microsoft Visual Studio Solution File, Format Version 12.00
# Visual Studio Version 17
VisualStudioVersion = 17.2.32516.85
MinimumVisualStudioVersion = 10.0.40219.1
Project("{FAE04EC0-301F-11D3-BF4B-00C04F79EFBC}") = "BasicMailServiceAPI", "BasicMailServiceAPI.csproj", "{0E1A0CEC-2D01-4C21-8EC6-778EC40EC3BC}"
EndProject
Global
	GlobalSection(SolutionConfigurationPlatforms) = preSolution
		Debug|Any CPU = Debug|Any CPU
		Release|Any CPU = Release|Any CPU
	EndGlobalSection
	GlobalSection(ProjectConfigurationPlatforms) = postSolution
		{0E1A0CEC-2D01-4C21-8EC6-778EC40EC3BC}.Debug|Any CPU.ActiveCfg = Debug|Any CPU
		{0E1A0CEC-2D01-4C21-8EC6-778EC40EC3BC}.Debug|Any CPU.Build.0 = Debug|Any CPU
		{0E1A0CEC-2D01-4C21-8EC6-778EC40EC3BC}.Release|Any CPU.ActiveCfg = Release|Any CPU
		{0E1A0CEC-2D01-4C21-8EC6-778EC40EC3BC}.Release|Any CPU.Build.0 = Release|Any CPU
	EndGlobalSection
	GlobalSection(SolutionProperties) = preSolution
		HideSolutionNode = FALSE
	EndGlobalSection
	GlobalSection(ExtensibilityGlobals) = postSolution
		SolutionGuid = {2E9D454B-D177-4C85-8AA5-9051207E992D}
	EndGlobalSection
EndGlobal
